
Microsoft Visual Studio Solution File, Format Version 12.00
# Visual Studio Version 16
VisualStudioVersion = 16.0.30804.86
MinimumVisualStudioVersion = 10.0.40219.1
Project("{FAE04EC0-301F-11D3-BF4B-00C04F79EFBC}") = "App4_printer", "App4_printer\App4_printer.csproj", "{BC11674D-3033-4E45-B54D-F42E402669D5}"
EndProject
Global
	GlobalSection(SolutionConfigurationPlatforms) = preSolution
		Debug|Any CPU = Debug|Any CPU
		Release|Any CPU = Release|Any CPU
	EndGlobalSection
	GlobalSection(ProjectConfigurationPlatforms) = postSolution
		{BC11674D-3033-4E45-B54D-F42E402669D5}.Debug|Any CPU.ActiveCfg = Debug|Any CPU
		{BC11674D-3033-4E45-B54D-F42E402669D5}.Debug|Any CPU.Build.0 = Debug|Any CPU
		{BC11674D-3033-4E45-B54D-F42E402669D5}.Release|Any CPU.ActiveCfg = Release|Any CPU
		{BC11674D-3033-4E45-B54D-F42E402669D5}.Release|Any CPU.Build.0 = Release|Any CPU
	EndGlobalSection
	GlobalSection(SolutionProperties) = preSolution
		HideSolutionNode = FALSE
	EndGlobalSection
	GlobalSection(ExtensibilityGlobals) = postSolution
		SolutionGuid = {5468A4F1-2798-4BF8-AFEF-2D18F8E2261D}
	EndGlobalSection
EndGlobal
